
Microsoft Visual Studio Solution File, Format Version 12.00
Project("{FAE04EC0-301F-11D3-BF4B-00C04F79EFBC}") = "CommandDevice", "CommandDevice\CommandDevice.csproj", "{2A53B18C-43D1-48C3-A413-3FCBEF15FCE1}"
EndProject
Global
	GlobalSection(SolutionConfigurationPlatforms) = preSolution
		Debug|Any CPU = Debug|Any CPU
		Release|Any CPU = Release|Any CPU
	EndGlobalSection
	GlobalSection(ProjectConfigurationPlatforms) = postSolution
		{2A53B18C-43D1-48C3-A413-3FCBEF15FCE1}.Debug|Any CPU.ActiveCfg = Debug|Any CPU
		{2A53B18C-43D1-48C3-A413-3FCBEF15FCE1}.Debug|Any CPU.Build.0 = Debug|Any CPU
		{2A53B18C-43D1-48C3-A413-3FCBEF15FCE1}.Release|Any CPU.ActiveCfg = Release|Any CPU
		{2A53B18C-43D1-48C3-A413-3FCBEF15FCE1}.Release|Any CPU.Build.0 = Release|Any CPU
	EndGlobalSection
EndGlobal
